// !$*UTF8*$!
{
	archiveVersion = 1;
	classes = {
	};
	objectVersion = 54;
	objects = {

/* Begin PBXBuildFile section */
		0C80B921A6F3F58F76C31292 /* libPods-VenusXVS.a in Frameworks */ = {isa = PBXBuildFile; fileRef = 5DCACB8F33CDC322A6C60F78 /* libPods-VenusXVS.a */; };
		13B07FBF1A68108700A75B9A /* Images.xcassets in Resources */ = {isa = PBXBuildFile; fileRef = 13B07FB51A68108700A75B9A /* Images.xcassets */; };
		761780ED2CA45674006654EE /* AppDelegate.swift in Sources */ = {isa = PBXBuildFile; fileRef = 761780EC2CA45674006654EE /* AppDelegate.swift */; };
		81AB9BB82411601600AC10FF /* LaunchScreen.storyboard in Resources */ = {isa = PBXBuildFile; fileRef = 81AB9BB72411601600AC10FF /* LaunchScreen.storyboard */; };
		C9DD44666CA34FF4853BFAD2 /* Poppins-Bold.ttf in Resources */ = {isa = PBXBuildFile; fileRef = 521B6E977F4343AC8BA52DC0 /* Poppins-Bold.ttf */; };
		77F6523565274632A4A9C253 /* Poppins-BoldItalic.ttf in Resources */ = {isa = PBXBuildFile; fileRef = 4102128173E843C3A1EAB206 /* Poppins-BoldItalic.ttf */; };
		343BCD19945A40B5809DB43F /* Poppins-ExtraBold.ttf in Resources */ = {isa = PBXBuildFile; fileRef = BA1C3019769E4DF78509B561 /* Poppins-ExtraBold.ttf */; };
		9441EAF0854F4F799C7436F5 /* Poppins-ExtraBoldItalic.ttf in Resources */ = {isa = PBXBuildFile; fileRef = FE81C47849AD4D1A8D26C782 /* Poppins-ExtraBoldItalic.ttf */; };
		8FA1A05A855C4CD19F5BE48C /* Poppins-ExtraLight.ttf in Resources */ = {isa = PBXBuildFile; fileRef = DA69C09FAF5A4BACB2384DEF /* Poppins-ExtraLight.ttf */; };
		5486ABC6A80246E88E35E072 /* Poppins-ExtraLightItalic.ttf in Resources */ = {isa = PBXBuildFile; fileRef = 6DAF4349D41C46288B9C7343 /* Poppins-ExtraLightItalic.ttf */; };
		2B31453A37F74CA7B0DE1270 /* Poppins-Italic.ttf in Resources */ = {isa = PBXBuildFile; fileRef = 198F43BEC2924EE08BF4E7AE /* Poppins-Italic.ttf */; };
		519E31A4E0C4406DB7155B01 /* Poppins-Light.ttf in Resources */ = {isa = PBXBuildFile; fileRef = 42808EB4F2EE42AB99492A1C /* Poppins-Light.ttf */; };
		C2F0F15263E744AF9D8088B0 /* Poppins-LightItalic.ttf in Resources */ = {isa = PBXBuildFile; fileRef = B6AFCCD6D46F49DAAE649B3B /* Poppins-LightItalic.ttf */; };
		B99F7A09CE13469CA0AEA7E6 /* Poppins-Medium.ttf in Resources */ = {isa = PBXBuildFile; fileRef = 89D11CE8D81D442F972BFCAC /* Poppins-Medium.ttf */; };
		14EE4A7CE5D3472A9AB6A063 /* Poppins-MediumItalic.ttf in Resources */ = {isa = PBXBuildFile; fileRef = 2F26E342BDE6451ABE64D8C4 /* Poppins-MediumItalic.ttf */; };
		8BEE5A71089846C688527585 /* Poppins-Regular.ttf in Resources */ = {isa = PBXBuildFile; fileRef = 172355BCF5104C888666C6C8 /* Poppins-Regular.ttf */; };
		7D471DB699574BEDBB41754F /* Poppins-SemiBold.ttf in Resources */ = {isa = PBXBuildFile; fileRef = 654AD71D8E8040229E72F116 /* Poppins-SemiBold.ttf */; };
		94B11EE8E04B424C944E49CB /* Mulish-Black.ttf in Resources */ = {isa = PBXBuildFile; fileRef = 7718115A282C4CB98AD10330 /* Mulish-Black.ttf */; };
		C3C6E0E8C8FD48A4B7C88D0E /* Mulish-BlackItalic.ttf in Resources */ = {isa = PBXBuildFile; fileRef = F14D29E85A1140EAA305A3E5 /* Mulish-BlackItalic.ttf */; };
		134499C55554440FA8D780B5 /* Mulish-Bold.ttf in Resources */ = {isa = PBXBuildFile; fileRef = 14C3A61F634C4D53930DFD84 /* Mulish-Bold.ttf */; };
		94F1E69240F14B23AF4194CD /* Mulish-BoldItalic.ttf in Resources */ = {isa = PBXBuildFile; fileRef = D94103218C3E42DFA5946224 /* Mulish-BoldItalic.ttf */; };
		4D4F661BAB924807A23A16F9 /* Mulish-ExtraBold.ttf in Resources */ = {isa = PBXBuildFile; fileRef = 4CF4DEF30D0A41CDA18D868B /* Mulish-ExtraBold.ttf */; };
		C59D848C0F1E4CD88953F617 /* Mulish-ExtraBoldItalic.ttf in Resources */ = {isa = PBXBuildFile; fileRef = A24D406BD18949C495380690 /* Mulish-ExtraBoldItalic.ttf */; };
		8B1B3EF8C3FE42E08C4B9F71 /* Mulish-ExtraLight.ttf in Resources */ = {isa = PBXBuildFile; fileRef = B40E80253BEF4E6B82F1DF4F /* Mulish-ExtraLight.ttf */; };
		47273DE586004F0B89DADC74 /* Mulish-ExtraLightItalic.ttf in Resources */ = {isa = PBXBuildFile; fileRef = 3F670FA316714D64A31AA023 /* Mulish-ExtraLightItalic.ttf */; };
		4FDE1205B2D94B838F6F87C8 /* Mulish-Italic.ttf in Resources */ = {isa = PBXBuildFile; fileRef = C4358AE518E8437A8C701288 /* Mulish-Italic.ttf */; };
		2A1B2C624B3D4778872C23A8 /* Mulish-Light.ttf in Resources */ = {isa = PBXBuildFile; fileRef = 5302C6E9BC264EC1B863D0EF /* Mulish-Light.ttf */; };
		0BE0A968B1C1450893A95A89 /* Mulish-LightItalic.ttf in Resources */ = {isa = PBXBuildFile; fileRef = EED8ECD30EF043B1884CFC1A /* Mulish-LightItalic.ttf */; };
		518E93D2E71F47F18D1C1113 /* Mulish-Regular.ttf in Resources */ = {isa = PBXBuildFile; fileRef = E5578DBCE2F44526BEA40823 /* Mulish-Regular.ttf */; };
		4732DADB32454C01A7D64BC8 /* Mulish-SemiBold.ttf in Resources */ = {isa = PBXBuildFile; fileRef = F8FD71CC3BDF43659866C14A /* Mulish-SemiBold.ttf */; };
		B4C831449EB042CD95A68A0C /* Mulish-SemiBoldItalic.ttf in Resources */ = {isa = PBXBuildFile; fileRef = 712D29813AA04F20ACC2144F /* Mulish-SemiBoldItalic.ttf */; };
/* End PBXBuildFile section */

/* Begin PBXFileReference section */
		13B07F961A680F5B00A75B9A /* VenusXVS.app */ = {isa = PBXFileReference; explicitFileType = wrapper.application; includeInIndex = 0; path = VenusXVS.app; sourceTree = BUILT_PRODUCTS_DIR; };
		13B07FB51A68108700A75B9A /* Images.xcassets */ = {isa = PBXFileReference; lastKnownFileType = folder.assetcatalog; name = Images.xcassets; path = VenusXVS/Images.xcassets; sourceTree = "<group>"; };
		13B07FB61A68108700A75B9A /* Info.plist */ = {isa = PBXFileReference; fileEncoding = 4; lastKnownFileType = text.plist.xml; name = Info.plist; path = VenusXVS/Info.plist; sourceTree = "<group>"; };
		13B07FB81A68108700A75B9A /* PrivacyInfo.xcprivacy */ = {isa = PBXFileReference; fileEncoding = 4; lastKnownFileType = text.plist.xml; name = PrivacyInfo.xcprivacy; path = VenusXVS/PrivacyInfo.xcprivacy; sourceTree = "<group>"; };
		3B4392A12AC88292D35C810B /* Pods-VenusXVS.debug.xcconfig */ = {isa = PBXFileReference; includeInIndex = 1; lastKnownFileType = text.xcconfig; name = "Pods-VenusXVS.debug.xcconfig"; path = "Target Support Files/Pods-VenusXVS/Pods-VenusXVS.debug.xcconfig"; sourceTree = "<group>"; };
		5709B34CF0A7D63546082F79 /* Pods-VenusXVS.release.xcconfig */ = {isa = PBXFileReference; includeInIndex = 1; lastKnownFileType = text.xcconfig; name = "Pods-VenusXVS.release.xcconfig"; path = "Target Support Files/Pods-VenusXVS/Pods-VenusXVS.release.xcconfig"; sourceTree = "<group>"; };
		5DCACB8F33CDC322A6C60F78 /* libPods-VenusXVS.a */ = {isa = PBXFileReference; explicitFileType = archive.ar; includeInIndex = 0; path = "libPods-VenusXVS.a"; sourceTree = BUILT_PRODUCTS_DIR; };
		761780EC2CA45674006654EE /* AppDelegate.swift */ = {isa = PBXFileReference; lastKnownFileType = sourcecode.swift; name = AppDelegate.swift; path = VenusXVS/AppDelegate.swift; sourceTree = "<group>"; };
		81AB9BB72411601600AC10FF /* LaunchScreen.storyboard */ = {isa = PBXFileReference; fileEncoding = 4; lastKnownFileType = file.storyboard; name = LaunchScreen.storyboard; path = VenusXVS/LaunchScreen.storyboard; sourceTree = "<group>"; };
		ED297162215061F000B7C4FE /* JavaScriptCore.framework */ = {isa = PBXFileReference; lastKnownFileType = wrapper.framework; name = JavaScriptCore.framework; path = System/Library/Frameworks/JavaScriptCore.framework; sourceTree = SDKROOT; };
		521B6E977F4343AC8BA52DC0 /* Poppins-Bold.ttf */ = {isa = PBXFileReference; name = "Poppins-Bold.ttf"; path = "../src/assets/fonts/Poppins-Bold.ttf"; sourceTree = "<group>"; fileEncoding = undefined; lastKnownFileType = unknown; explicitFileType = undefined; includeInIndex = 0; };
		4102128173E843C3A1EAB206 /* Poppins-BoldItalic.ttf */ = {isa = PBXFileReference; name = "Poppins-BoldItalic.ttf"; path = "../src/assets/fonts/Poppins-BoldItalic.ttf"; sourceTree = "<group>"; fileEncoding = undefined; lastKnownFileType = unknown; explicitFileType = undefined; includeInIndex = 0; };
		BA1C3019769E4DF78509B561 /* Poppins-ExtraBold.ttf */ = {isa = PBXFileReference; name = "Poppins-ExtraBold.ttf"; path = "../src/assets/fonts/Poppins-ExtraBold.ttf"; sourceTree = "<group>"; fileEncoding = undefined; lastKnownFileType = unknown; explicitFileType = undefined; includeInIndex = 0; };
		FE81C47849AD4D1A8D26C782 /* Poppins-ExtraBoldItalic.ttf */ = {isa = PBXFileReference; name = "Poppins-ExtraBoldItalic.ttf"; path = "../src/assets/fonts/Poppins-ExtraBoldItalic.ttf"; sourceTree = "<group>"; fileEncoding = undefined; lastKnownFileType = unknown; explicitFileType = undefined; includeInIndex = 0; };
		DA69C09FAF5A4BACB2384DEF /* Poppins-ExtraLight.ttf */ = {isa = PBXFileReference; name = "Poppins-ExtraLight.ttf"; path = "../src/assets/fonts/Poppins-ExtraLight.ttf"; sourceTree = "<group>"; fileEncoding = undefined; lastKnownFileType = unknown; explicitFileType = undefined; includeInIndex = 0; };
		6DAF4349D41C46288B9C7343 /* Poppins-ExtraLightItalic.ttf */ = {isa = PBXFileReference; name = "Poppins-ExtraLightItalic.ttf"; path = "../src/assets/fonts/Poppins-ExtraLightItalic.ttf"; sourceTree = "<group>"; fileEncoding = undefined; lastKnownFileType = unknown; explicitFileType = undefined; includeInIndex = 0; };
		198F43BEC2924EE08BF4E7AE /* Poppins-Italic.ttf */ = {isa = PBXFileReference; name = "Poppins-Italic.ttf"; path = "../src/assets/fonts/Poppins-Italic.ttf"; sourceTree = "<group>"; fileEncoding = undefined; lastKnownFileType = unknown; explicitFileType = undefined; includeInIndex = 0; };
		42808EB4F2EE42AB99492A1C /* Poppins-Light.ttf */ = {isa = PBXFileReference; name = "Poppins-Light.ttf"; path = "../src/assets/fonts/Poppins-Light.ttf"; sourceTree = "<group>"; fileEncoding = undefined; lastKnownFileType = unknown; explicitFileType = undefined; includeInIndex = 0; };
		B6AFCCD6D46F49DAAE649B3B /* Poppins-LightItalic.ttf */ = {isa = PBXFileReference; name = "Poppins-LightItalic.ttf"; path = "../src/assets/fonts/Poppins-LightItalic.ttf"; sourceTree = "<group>"; fileEncoding = undefined; lastKnownFileType = unknown; explicitFileType = undefined; includeInIndex = 0; };
		89D11CE8D81D442F972BFCAC /* Poppins-Medium.ttf */ = {isa = PBXFileReference; name = "Poppins-Medium.ttf"; path = "../src/assets/fonts/Poppins-Medium.ttf"; sourceTree = "<group>"; fileEncoding = undefined; lastKnownFileType = unknown; explicitFileType = undefined; includeInIndex = 0; };
		2F26E342BDE6451ABE64D8C4 /* Poppins-MediumItalic.ttf */ = {isa = PBXFileReference; name = "Poppins-MediumItalic.ttf"; path = "../src/assets/fonts/Poppins-MediumItalic.ttf"; sourceTree = "<group>"; fileEncoding = undefined; lastKnownFileType = unknown; explicitFileType = undefined; includeInIndex = 0; };
		172355BCF5104C888666C6C8 /* Poppins-Regular.ttf */ = {isa = PBXFileReference; name = "Poppins-Regular.ttf"; path = "../src/assets/fonts/Poppins-Regular.ttf"; sourceTree = "<group>"; fileEncoding = undefined; lastKnownFileType = unknown; explicitFileType = undefined; includeInIndex = 0; };
		654AD71D8E8040229E72F116 /* Poppins-SemiBold.ttf */ = {isa = PBXFileReference; name = "Poppins-SemiBold.ttf"; path = "../src/assets/fonts/Poppins-SemiBold.ttf"; sourceTree = "<group>"; fileEncoding = undefined; lastKnownFileType = unknown; explicitFileType = undefined; includeInIndex = 0; };
		7718115A282C4CB98AD10330 /* Mulish-Black.ttf */ = {isa = PBXFileReference; name = "Mulish-Black.ttf"; path = "../src/assets/fonts/Mulish-Black.ttf"; sourceTree = "<group>"; fileEncoding = undefined; lastKnownFileType = unknown; explicitFileType = undefined; includeInIndex = 0; };
		F14D29E85A1140EAA305A3E5 /* Mulish-BlackItalic.ttf */ = {isa = PBXFileReference; name = "Mulish-BlackItalic.ttf"; path = "../src/assets/fonts/Mulish-BlackItalic.ttf"; sourceTree = "<group>"; fileEncoding = undefined; lastKnownFileType = unknown; explicitFileType = undefined; includeInIndex = 0; };
		14C3A61F634C4D53930DFD84 /* Mulish-Bold.ttf */ = {isa = PBXFileReference; name = "Mulish-Bold.ttf"; path = "../src/assets/fonts/Mulish-Bold.ttf"; sourceTree = "<group>"; fileEncoding = undefined; lastKnownFileType = unknown; explicitFileType = undefined; includeInIndex = 0; };
		D94103218C3E42DFA5946224 /* Mulish-BoldItalic.ttf */ = {isa = PBXFileReference; name = "Mulish-BoldItalic.ttf"; path = "../src/assets/fonts/Mulish-BoldItalic.ttf"; sourceTree = "<group>"; fileEncoding = undefined; lastKnownFileType = unknown; explicitFileType = undefined; includeInIndex = 0; };
		4CF4DEF30D0A41CDA18D868B /* Mulish-ExtraBold.ttf */ = {isa = PBXFileReference; name = "Mulish-ExtraBold.ttf"; path = "../src/assets/fonts/Mulish-ExtraBold.ttf"; sourceTree = "<group>"; fileEncoding = undefined; lastKnownFileType = unknown; explicitFileType = undefined; includeInIndex = 0; };
		A24D406BD18949C495380690 /* Mulish-ExtraBoldItalic.ttf */ = {isa = PBXFileReference; name = "Mulish-ExtraBoldItalic.ttf"; path = "../src/assets/fonts/Mulish-ExtraBoldItalic.ttf"; sourceTree = "<group>"; fileEncoding = undefined; lastKnownFileType = unknown; explicitFileType = undefined; includeInIndex = 0; };
		B40E80253BEF4E6B82F1DF4F /* Mulish-ExtraLight.ttf */ = {isa = PBXFileReference; name = "Mulish-ExtraLight.ttf"; path = "../src/assets/fonts/Mulish-ExtraLight.ttf"; sourceTree = "<group>"; fileEncoding = undefined; lastKnownFileType = unknown; explicitFileType = undefined; includeInIndex = 0; };
		3F670FA316714D64A31AA023 /* Mulish-ExtraLightItalic.ttf */ = {isa = PBXFileReference; name = "Mulish-ExtraLightItalic.ttf"; path = "../src/assets/fonts/Mulish-ExtraLightItalic.ttf"; sourceTree = "<group>"; fileEncoding = undefined; lastKnownFileType = unknown; explicitFileType = undefined; includeInIndex = 0; };
		C4358AE518E8437A8C701288 /* Mulish-Italic.ttf */ = {isa = PBXFileReference; name = "Mulish-Italic.ttf"; path = "../src/assets/fonts/Mulish-Italic.ttf"; sourceTree = "<group>"; fileEncoding = undefined; lastKnownFileType = unknown; explicitFileType = undefined; includeInIndex = 0; };
		5302C6E9BC264EC1B863D0EF /* Mulish-Light.ttf */ = {isa = PBXFileReference; name = "Mulish-Light.ttf"; path = "../src/assets/fonts/Mulish-Light.ttf"; sourceTree = "<group>"; fileEncoding = undefined; lastKnownFileType = unknown; explicitFileType = undefined; includeInIndex = 0; };
		EED8ECD30EF043B1884CFC1A /* Mulish-LightItalic.ttf */ = {isa = PBXFileReference; name = "Mulish-LightItalic.ttf"; path = "../src/assets/fonts/Mulish-LightItalic.ttf"; sourceTree = "<group>"; fileEncoding = undefined; lastKnownFileType = unknown; explicitFileType = undefined; includeInIndex = 0; };
		E5578DBCE2F44526BEA40823 /* Mulish-Regular.ttf */ = {isa = PBXFileReference; name = "Mulish-Regular.ttf"; path = "../src/assets/fonts/Mulish-Regular.ttf"; sourceTree = "<group>"; fileEncoding = undefined; lastKnownFileType = unknown; explicitFileType = undefined; includeInIndex = 0; };
		F8FD71CC3BDF43659866C14A /* Mulish-SemiBold.ttf */ = {isa = PBXFileReference; name = "Mulish-SemiBold.ttf"; path = "../src/assets/fonts/Mulish-SemiBold.ttf"; sourceTree = "<group>"; fileEncoding = undefined; lastKnownFileType = unknown; explicitFileType = undefined; includeInIndex = 0; };
		712D29813AA04F20ACC2144F /* Mulish-SemiBoldItalic.ttf */ = {isa = PBXFileReference; name = "Mulish-SemiBoldItalic.ttf"; path = "../src/assets/fonts/Mulish-SemiBoldItalic.ttf"; sourceTree = "<group>"; fileEncoding = undefined; lastKnownFileType = unknown; explicitFileType = undefined; includeInIndex = 0; };
/* End PBXFileReference section */

/* Begin PBXFrameworksBuildPhase section */
		13B07F8C1A680F5B00A75B9A /* Frameworks */ = {
			isa = PBXFrameworksBuildPhase;
			buildActionMask = 2147483647;
			files = (
				0C80B921A6F3F58F76C31292 /* libPods-VenusXVS.a in Frameworks */,
			);
			runOnlyForDeploymentPostprocessing = 0;
		};
/* End PBXFrameworksBuildPhase section */

/* Begin PBXGroup section */
		13B07FAE1A68108700A75B9A /* VenusXVS */ = {
			isa = PBXGroup;
			children = (
				13B07FB51A68108700A75B9A /* Images.xcassets */,
				761780EC2CA45674006654EE /* AppDelegate.swift */,
				13B07FB61A68108700A75B9A /* Info.plist */,
				81AB9BB72411601600AC10FF /* LaunchScreen.storyboard */,
				13B07FB81A68108700A75B9A /* PrivacyInfo.xcprivacy */,
			);
			name = VenusXVS;
			sourceTree = "<group>";
		};
		2D16E6871FA4F8E400B85C8A /* Frameworks */ = {
			isa = PBXGroup;
			children = (
				ED297162215061F000B7C4FE /* JavaScriptCore.framework */,
				5DCACB8F33CDC322A6C60F78 /* libPods-VenusXVS.a */,
			);
			name = Frameworks;
			sourceTree = "<group>";
		};
		832341AE1AAA6A7D00B99B32 /* Libraries */ = {
			isa = PBXGroup;
			children = (
			);
			name = Libraries;
			sourceTree = "<group>";
		};
		83CBB9F61A601CBA00E9B192 = {
			isa = PBXGroup;
			children = (
				13B07FAE1A68108700A75B9A /* VenusXVS */,
				832341AE1AAA6A7D00B99B32 /* Libraries */,
				83CBBA001A601CBA00E9B192 /* Products */,
				2D16E6871FA4F8E400B85C8A /* Frameworks */,
				BBD78D7AC51CEA395F1C20DB /* Pods */,
				9ECBCE1372BF462EA75BA8B0 /* Resources */,
			);
			indentWidth = 2;
			sourceTree = "<group>";
			tabWidth = 2;
			usesTabs = 0;
		};
		83CBBA001A601CBA00E9B192 /* Products */ = {
			isa = PBXGroup;
			children = (
				13B07F961A680F5B00A75B9A /* VenusXVS.app */,
			);
			name = Products;
			sourceTree = "<group>";
		};
		BBD78D7AC51CEA395F1C20DB /* Pods */ = {
			isa = PBXGroup;
			children = (
				3B4392A12AC88292D35C810B /* Pods-VenusXVS.debug.xcconfig */,
				5709B34CF0A7D63546082F79 /* Pods-VenusXVS.release.xcconfig */,
			);
			path = Pods;
			sourceTree = "<group>";
		};
		9ECBCE1372BF462EA75BA8B0 /* Resources */ = {
			isa = "PBXGroup";
			children = (
				521B6E977F4343AC8BA52DC0 /* Poppins-Bold.ttf */,
				4102128173E843C3A1EAB206 /* Poppins-BoldItalic.ttf */,
				BA1C3019769E4DF78509B561 /* Poppins-ExtraBold.ttf */,
				FE81C47849AD4D1A8D26C782 /* Poppins-ExtraBoldItalic.ttf */,
				DA69C09FAF5A4BACB2384DEF /* Poppins-ExtraLight.ttf */,
				6DAF4349D41C46288B9C7343 /* Poppins-ExtraLightItalic.ttf */,
				198F43BEC2924EE08BF4E7AE /* Poppins-Italic.ttf */,
				42808EB4F2EE42AB99492A1C /* Poppins-Light.ttf */,
				B6AFCCD6D46F49DAAE649B3B /* Poppins-LightItalic.ttf */,
				89D11CE8D81D442F972BFCAC /* Poppins-Medium.ttf */,
				2F26E342BDE6451ABE64D8C4 /* Poppins-MediumItalic.ttf */,
				172355BCF5104C888666C6C8 /* Poppins-Regular.ttf */,
				654AD71D8E8040229E72F116 /* Poppins-SemiBold.ttf */,
				7718115A282C4CB98AD10330 /* Mulish-Black.ttf */,
				F14D29E85A1140EAA305A3E5 /* Mulish-BlackItalic.ttf */,
				14C3A61F634C4D53930DFD84 /* Mulish-Bold.ttf */,
				D94103218C3E42DFA5946224 /* Mulish-BoldItalic.ttf */,
				4CF4DEF30D0A41CDA18D868B /* Mulish-ExtraBold.ttf */,
				A24D406BD18949C495380690 /* Mulish-ExtraBoldItalic.ttf */,
				B40E80253BEF4E6B82F1DF4F /* Mulish-ExtraLight.ttf */,
				3F670FA316714D64A31AA023 /* Mulish-ExtraLightItalic.ttf */,
				C4358AE518E8437A8C701288 /* Mulish-Italic.ttf */,
				5302C6E9BC264EC1B863D0EF /* Mulish-Light.ttf */,
				EED8ECD30EF043B1884CFC1A /* Mulish-LightItalic.ttf */,
				E5578DBCE2F44526BEA40823 /* Mulish-Regular.ttf */,
				F8FD71CC3BDF43659866C14A /* Mulish-SemiBold.ttf */,
				712D29813AA04F20ACC2144F /* Mulish-SemiBoldItalic.ttf */,
			);
			name = Resources;
			sourceTree = "<group>";
			path = "";
		};
/* End PBXGroup section */

/* Begin PBXNativeTarget section */
		13B07F861A680F5B00A75B9A /* VenusXVS */ = {
			isa = PBXNativeTarget;
			buildConfigurationList = 13B07F931A680F5B00A75B9A /* Build configuration list for PBXNativeTarget "VenusXVS" */;
			buildPhases = (
				C38B50BA6285516D6DCD4F65 /* [CP] Check Pods Manifest.lock */,
				13B07F871A680F5B00A75B9A /* Sources */,
				13B07F8C1A680F5B00A75B9A /* Frameworks */,
				13B07F8E1A680F5B00A75B9A /* Resources */,
				00DD1BFF1BD5951E006B06BC /* Bundle React Native code and images */,
				00EEFC60759A1932668264C0 /* [CP] Embed Pods Frameworks */,
				E235C05ADACE081382539298 /* [CP] Copy Pods Resources */,
			);
			buildRules = (
			);
			dependencies = (
			);
			name = VenusXVS;
			productName = VenusXVS;
			productReference = 13B07F961A680F5B00A75B9A /* VenusXVS.app */;
			productType = "com.apple.product-type.application";
		};
/* End PBXNativeTarget section */

/* Begin PBXProject section */
		83CBB9F71A601CBA00E9B192 /* Project object */ = {
			isa = PBXProject;
			attributes = {
				LastUpgradeCheck = 1210;
				TargetAttributes = {
					13B07F861A680F5B00A75B9A = {
						LastSwiftMigration = 1120;
					};
				};
			};
			buildConfigurationList = 83CBB9FA1A601CBA00E9B192 /* Build configuration list for PBXProject "VenusXVS" */;
			compatibilityVersion = "Xcode 12.0";
			developmentRegion = en;
			hasScannedForEncodings = 0;
			knownRegions = (
				en,
				Base,
			);
			mainGroup = 83CBB9F61A601CBA00E9B192;
			productRefGroup = 83CBBA001A601CBA00E9B192 /* Products */;
			projectDirPath = "";
			projectRoot = "";
			targets = (
				13B07F861A680F5B00A75B9A /* VenusXVS */,
			);
		};
/* End PBXProject section */

/* Begin PBXResourcesBuildPhase section */
		13B07F8E1A680F5B00A75B9A /* Resources */ = {
			isa = PBXResourcesBuildPhase;
			buildActionMask = 2147483647;
			files = (
				81AB9BB82411601600AC10FF /* LaunchScreen.storyboard in Resources */,
				13B07FBF1A68108700A75B9A /* Images.xcassets in Resources */,
				C9DD44666CA34FF4853BFAD2 /* Poppins-Bold.ttf in Resources */,
				77F6523565274632A4A9C253 /* Poppins-BoldItalic.ttf in Resources */,
				343BCD19945A40B5809DB43F /* Poppins-ExtraBold.ttf in Resources */,
				9441EAF0854F4F799C7436F5 /* Poppins-ExtraBoldItalic.ttf in Resources */,
				8FA1A05A855C4CD19F5BE48C /* Poppins-ExtraLight.ttf in Resources */,
				5486ABC6A80246E88E35E072 /* Poppins-ExtraLightItalic.ttf in Resources */,
				2B31453A37F74CA7B0DE1270 /* Poppins-Italic.ttf in Resources */,
				519E31A4E0C4406DB7155B01 /* Poppins-Light.ttf in Resources */,
				C2F0F15263E744AF9D8088B0 /* Poppins-LightItalic.ttf in Resources */,
				B99F7A09CE13469CA0AEA7E6 /* Poppins-Medium.ttf in Resources */,
				14EE4A7CE5D3472A9AB6A063 /* Poppins-MediumItalic.ttf in Resources */,
				8BEE5A71089846C688527585 /* Poppins-Regular.ttf in Resources */,
				7D471DB699574BEDBB41754F /* Poppins-SemiBold.ttf in Resources */,
				94B11EE8E04B424C944E49CB /* Mulish-Black.ttf in Resources */,
				C3C6E0E8C8FD48A4B7C88D0E /* Mulish-BlackItalic.ttf in Resources */,
				134499C55554440FA8D780B5 /* Mulish-Bold.ttf in Resources */,
				94F1E69240F14B23AF4194CD /* Mulish-BoldItalic.ttf in Resources */,
				4D4F661BAB924807A23A16F9 /* Mulish-ExtraBold.ttf in Resources */,
				C59D848C0F1E4CD88953F617 /* Mulish-ExtraBoldItalic.ttf in Resources */,
				8B1B3EF8C3FE42E08C4B9F71 /* Mulish-ExtraLight.ttf in Resources */,
				47273DE586004F0B89DADC74 /* Mulish-ExtraLightItalic.ttf in Resources */,
				4FDE1205B2D94B838F6F87C8 /* Mulish-Italic.ttf in Resources */,
				2A1B2C624B3D4778872C23A8 /* Mulish-Light.ttf in Resources */,
				0BE0A968B1C1450893A95A89 /* Mulish-LightItalic.ttf in Resources */,
				518E93D2E71F47F18D1C1113 /* Mulish-Regular.ttf in Resources */,
				4732DADB32454C01A7D64BC8 /* Mulish-SemiBold.ttf in Resources */,
				B4C831449EB042CD95A68A0C /* Mulish-SemiBoldItalic.ttf in Resources */,
			);
			runOnlyForDeploymentPostprocessing = 0;
		};
/* End PBXResourcesBuildPhase section */

/* Begin PBXShellScriptBuildPhase section */
		00DD1BFF1BD5951E006B06BC /* Bundle React Native code and images */ = {
			isa = PBXShellScriptBuildPhase;
			buildActionMask = 2147483647;
			files = (
			);
			inputPaths = (
				"$(SRCROOT)/.xcode.env.local",
				"$(SRCROOT)/.xcode.env",
			);
			name = "Bundle React Native code and images";
			outputPaths = (
			);
			runOnlyForDeploymentPostprocessing = 0;
			shellPath = /bin/sh;
			shellScript = "set -e\n\nWITH_ENVIRONMENT=\"$REACT_NATIVE_PATH/scripts/xcode/with-environment.sh\"\nREACT_NATIVE_XCODE=\"$REACT_NATIVE_PATH/scripts/react-native-xcode.sh\"\n\n/bin/sh -c \"$WITH_ENVIRONMENT $REACT_NATIVE_XCODE\"\n";
		};
		00EEFC60759A1932668264C0 /* [CP] Embed Pods Frameworks */ = {
			isa = PBXShellScriptBuildPhase;
			buildActionMask = 2147483647;
			files = (
			);
			inputFileListPaths = (
				"${PODS_ROOT}/Target Support Files/Pods-VenusXVS/Pods-VenusXVS-frameworks-${CONFIGURATION}-input-files.xcfilelist",
			);
			name = "[CP] Embed Pods Frameworks";
			outputFileListPaths = (
				"${PODS_ROOT}/Target Support Files/Pods-VenusXVS/Pods-VenusXVS-frameworks-${CONFIGURATION}-output-files.xcfilelist",
			);
			runOnlyForDeploymentPostprocessing = 0;
			shellPath = /bin/sh;
			shellScript = "\"${PODS_ROOT}/Target Support Files/Pods-VenusXVS/Pods-VenusXVS-frameworks.sh\"\n";
			showEnvVarsInLog = 0;
		};
		C38B50BA6285516D6DCD4F65 /* [CP] Check Pods Manifest.lock */ = {
			isa = PBXShellScriptBuildPhase;
			buildActionMask = 2147483647;
			files = (
			);
			inputFileListPaths = (
			);
			inputPaths = (
				"${PODS_PODFILE_DIR_PATH}/Podfile.lock",
				"${PODS_ROOT}/Manifest.lock",
			);
			name = "[CP] Check Pods Manifest.lock";
			outputFileListPaths = (
			);
			outputPaths = (
				"$(DERIVED_FILE_DIR)/Pods-VenusXVS-checkManifestLockResult.txt",
			);
			runOnlyForDeploymentPostprocessing = 0;
			shellPath = /bin/sh;
			shellScript = "diff \"${PODS_PODFILE_DIR_PATH}/Podfile.lock\" \"${PODS_ROOT}/Manifest.lock\" > /dev/null\nif [ $? != 0 ] ; then\n    # print error to STDERR\n    echo \"error: The sandbox is not in sync with the Podfile.lock. Run 'pod install' or update your CocoaPods installation.\" >&2\n    exit 1\nfi\n# This output is used by Xcode 'outputs' to avoid re-running this script phase.\necho \"SUCCESS\" > \"${SCRIPT_OUTPUT_FILE_0}\"\n";
			showEnvVarsInLog = 0;
		};
		E235C05ADACE081382539298 /* [CP] Copy Pods Resources */ = {
			isa = PBXShellScriptBuildPhase;
			buildActionMask = 2147483647;
			files = (
			);
			inputFileListPaths = (
				"${PODS_ROOT}/Target Support Files/Pods-VenusXVS/Pods-VenusXVS-resources-${CONFIGURATION}-input-files.xcfilelist",
			);
			name = "[CP] Copy Pods Resources";
			outputFileListPaths = (
				"${PODS_ROOT}/Target Support Files/Pods-VenusXVS/Pods-VenusXVS-resources-${CONFIGURATION}-output-files.xcfilelist",
			);
			runOnlyForDeploymentPostprocessing = 0;
			shellPath = /bin/sh;
			shellScript = "\"${PODS_ROOT}/Target Support Files/Pods-VenusXVS/Pods-VenusXVS-resources.sh\"\n";
			showEnvVarsInLog = 0;
		};
/* End PBXShellScriptBuildPhase section */

/* Begin PBXSourcesBuildPhase section */
		13B07F871A680F5B00A75B9A /* Sources */ = {
			isa = PBXSourcesBuildPhase;
			buildActionMask = 2147483647;
			files = (
				761780ED2CA45674006654EE /* AppDelegate.swift in Sources */,
			);
			runOnlyForDeploymentPostprocessing = 0;
		};
/* End PBXSourcesBuildPhase section */

/* Begin XCBuildConfiguration section */
		13B07F941A680F5B00A75B9A /* Debug */ = {
			isa = XCBuildConfiguration;
			baseConfigurationReference = 3B4392A12AC88292D35C810B /* Pods-VenusXVS.debug.xcconfig */;
			buildSettings = {
				ASSETCATALOG_COMPILER_APPICON_NAME = AppIcon;
				CLANG_ENABLE_MODULES = YES;
				CURRENT_PROJECT_VERSION = 1;
				ENABLE_BITCODE = NO;
				INFOPLIST_FILE = VenusXVS/Info.plist;
				IPHONEOS_DEPLOYMENT_TARGET = 15.1;
				LD_RUNPATH_SEARCH_PATHS = (
					"$(inherited)",
					"@executable_path/Frameworks",
				);
				MARKETING_VERSION = 1.0;
				OTHER_LDFLAGS = (
					"$(inherited)",
					"-ObjC",
					"-lc++",
				);
				PRODUCT_BUNDLE_IDENTIFIER = "org.reactjs.native.example.$(PRODUCT_NAME:rfc1034identifier)";
				PRODUCT_NAME = VenusXVS;
				SWIFT_OPTIMIZATION_LEVEL = "-Onone";
				SWIFT_VERSION = 5.0;
				VERSIONING_SYSTEM = "apple-generic";
			};
			name = Debug;
		};
		13B07F951A680F5B00A75B9A /* Release */ = {
			isa = XCBuildConfiguration;
			baseConfigurationReference = 5709B34CF0A7D63546082F79 /* Pods-VenusXVS.release.xcconfig */;
			buildSettings = {
				ASSETCATALOG_COMPILER_APPICON_NAME = AppIcon;
				CLANG_ENABLE_MODULES = YES;
				CURRENT_PROJECT_VERSION = 1;
				INFOPLIST_FILE = VenusXVS/Info.plist;
				IPHONEOS_DEPLOYMENT_TARGET = 15.1;
				LD_RUNPATH_SEARCH_PATHS = (
					"$(inherited)",
					"@executable_path/Frameworks",
				);
				MARKETING_VERSION = 1.0;
				OTHER_LDFLAGS = (
					"$(inherited)",
					"-ObjC",
					"-lc++",
				);
				PRODUCT_BUNDLE_IDENTIFIER = "org.reactjs.native.example.$(PRODUCT_NAME:rfc1034identifier)";
				PRODUCT_NAME = VenusXVS;
				SWIFT_VERSION = 5.0;
				VERSIONING_SYSTEM = "apple-generic";
			};
			name = Release;
		};
		83CBBA201A601CBA00E9B192 /* Debug */ = {
			isa = XCBuildConfiguration;
			buildSettings = {
				ALWAYS_SEARCH_USER_PATHS = NO;
				CLANG_ANALYZER_LOCALIZABILITY_NONLOCALIZED = YES;
				CLANG_CXX_LANGUAGE_STANDARD = "c++20";
				CLANG_CXX_LIBRARY = "libc++";
				CLANG_ENABLE_MODULES = YES;
				CLANG_ENABLE_OBJC_ARC = YES;
				CLANG_WARN_BLOCK_CAPTURE_AUTORELEASING = YES;
				CLANG_WARN_BOOL_CONVERSION = YES;
				CLANG_WARN_COMMA = YES;
				CLANG_WARN_CONSTANT_CONVERSION = YES;
				CLANG_WARN_DEPRECATED_OBJC_IMPLEMENTATIONS = YES;
				CLANG_WARN_DIRECT_OBJC_ISA_USAGE = YES_ERROR;
				CLANG_WARN_EMPTY_BODY = YES;
				CLANG_WARN_ENUM_CONVERSION = YES;
				CLANG_WARN_INFINITE_RECURSION = YES;
				CLANG_WARN_INT_CONVERSION = YES;
				CLANG_WARN_NON_LITERAL_NULL_CONVERSION = YES;
				CLANG_WARN_OBJC_IMPLICIT_RETAIN_SELF = YES;
				CLANG_WARN_OBJC_LITERAL_CONVERSION = YES;
				CLANG_WARN_OBJC_ROOT_CLASS = YES_ERROR;
				CLANG_WARN_QUOTED_INCLUDE_IN_FRAMEWORK_HEADER = YES;
				CLANG_WARN_RANGE_LOOP_ANALYSIS = YES;
				CLANG_WARN_STRICT_PROTOTYPES = YES;
				CLANG_WARN_SUSPICIOUS_MOVE = YES;
				CLANG_WARN_UNREACHABLE_CODE = YES;
				CLANG_WARN__DUPLICATE_METHOD_MATCH = YES;
				"CODE_SIGN_IDENTITY[sdk=iphoneos*]" = "iPhone Developer";
				COPY_PHASE_STRIP = NO;
				ENABLE_STRICT_OBJC_MSGSEND = YES;
				ENABLE_TESTABILITY = YES;
				"EXCLUDED_ARCHS[sdk=iphonesimulator*]" = "";
				GCC_C_LANGUAGE_STANDARD = gnu99;
				GCC_DYNAMIC_NO_PIC = NO;
				GCC_NO_COMMON_BLOCKS = YES;
				GCC_OPTIMIZATION_LEVEL = 0;
				GCC_PREPROCESSOR_DEFINITIONS = (
					"DEBUG=1",
					"$(inherited)",
				);
				GCC_SYMBOLS_PRIVATE_EXTERN = NO;
				GCC_WARN_64_TO_32_BIT_CONVERSION = YES;
				GCC_WARN_ABOUT_RETURN_TYPE = YES_ERROR;
				GCC_WARN_UNDECLARED_SELECTOR = YES;
				GCC_WARN_UNINITIALIZED_AUTOS = YES_AGGRESSIVE;
				GCC_WARN_UNUSED_FUNCTION = YES;
				GCC_WARN_UNUSED_VARIABLE = YES;
				IPHONEOS_DEPLOYMENT_TARGET = 15.1;
				LD_RUNPATH_SEARCH_PATHS = (
					/usr/lib/swift,
					"$(inherited)",
				);
				LIBRARY_SEARCH_PATHS = (
					"\"$(SDKROOT)/usr/lib/swift\"",
					"\"$(TOOLCHAIN_DIR)/usr/lib/swift/$(PLATFORM_NAME)\"",
					"\"$(inherited)\"",
				);
				MTL_ENABLE_DEBUG_INFO = YES;
				ONLY_ACTIVE_ARCH = YES;
				OTHER_CPLUSPLUSFLAGS = (
					"$(OTHER_CFLAGS)",
					"-DFOLLY_NO_CONFIG",
					"-DFOLLY_MOBILE=1",
					"-DFOLLY_USE_LIBCPP=1",
					"-DFOLLY_CFG_NO_COROUTINES=1",
					"-DFOLLY_HAVE_CLOCK_GETTIME=1",
				);
				SDKROOT = iphoneos;
			};
			name = Debug;
		};
		83CBBA211A601CBA00E9B192 /* Release */ = {
			isa = XCBuildConfiguration;
			buildSettings = {
				ALWAYS_SEARCH_USER_PATHS = NO;
				CLANG_ANALYZER_LOCALIZABILITY_NONLOCALIZED = YES;
				CLANG_CXX_LANGUAGE_STANDARD = "c++20";
				CLANG_CXX_LIBRARY = "libc++";
				CLANG_ENABLE_MODULES = YES;
				CLANG_ENABLE_OBJC_ARC = YES;
				CLANG_WARN_BLOCK_CAPTURE_AUTORELEASING = YES;
				CLANG_WARN_BOOL_CONVERSION = YES;
				CLANG_WARN_COMMA = YES;
				CLANG_WARN_CONSTANT_CONVERSION = YES;
				CLANG_WARN_DEPRECATED_OBJC_IMPLEMENTATIONS = YES;
				CLANG_WARN_DIRECT_OBJC_ISA_USAGE = YES_ERROR;
				CLANG_WARN_EMPTY_BODY = YES;
				CLANG_WARN_ENUM_CONVERSION = YES;
				CLANG_WARN_INFINITE_RECURSION = YES;
				CLANG_WARN_INT_CONVERSION = YES;
				CLANG_WARN_NON_LITERAL_NULL_CONVERSION = YES;
				CLANG_WARN_OBJC_IMPLICIT_RETAIN_SELF = YES;
				CLANG_WARN_OBJC_LITERAL_CONVERSION = YES;
				CLANG_WARN_OBJC_ROOT_CLASS = YES_ERROR;
				CLANG_WARN_QUOTED_INCLUDE_IN_FRAMEWORK_HEADER = YES;
				CLANG_WARN_RANGE_LOOP_ANALYSIS = YES;
				CLANG_WARN_STRICT_PROTOTYPES = YES;
				CLANG_WARN_SUSPICIOUS_MOVE = YES;
				CLANG_WARN_UNREACHABLE_CODE = YES;
				CLANG_WARN__DUPLICATE_METHOD_MATCH = YES;
				"CODE_SIGN_IDENTITY[sdk=iphoneos*]" = "iPhone Developer";
				COPY_PHASE_STRIP = YES;
				ENABLE_NS_ASSERTIONS = NO;
				ENABLE_STRICT_OBJC_MSGSEND = YES;
				"EXCLUDED_ARCHS[sdk=iphonesimulator*]" = "";
				GCC_C_LANGUAGE_STANDARD = gnu99;
				GCC_NO_COMMON_BLOCKS = YES;
				GCC_WARN_64_TO_32_BIT_CONVERSION = YES;
				GCC_WARN_ABOUT_RETURN_TYPE = YES_ERROR;
				GCC_WARN_UNDECLARED_SELECTOR = YES;
				GCC_WARN_UNINITIALIZED_AUTOS = YES_AGGRESSIVE;
				GCC_WARN_UNUSED_FUNCTION = YES;
				GCC_WARN_UNUSED_VARIABLE = YES;
				IPHONEOS_DEPLOYMENT_TARGET = 15.1;
				LD_RUNPATH_SEARCH_PATHS = (
					/usr/lib/swift,
					"$(inherited)",
				);
				LIBRARY_SEARCH_PATHS = (
					"\"$(SDKROOT)/usr/lib/swift\"",
					"\"$(TOOLCHAIN_DIR)/usr/lib/swift/$(PLATFORM_NAME)\"",
					"\"$(inherited)\"",
				);
				MTL_ENABLE_DEBUG_INFO = NO;
				OTHER_CPLUSPLUSFLAGS = (
					"$(OTHER_CFLAGS)",
					"-DFOLLY_NO_CONFIG",
					"-DFOLLY_MOBILE=1",
					"-DFOLLY_USE_LIBCPP=1",
					"-DFOLLY_CFG_NO_COROUTINES=1",
					"-DFOLLY_HAVE_CLOCK_GETTIME=1",
				);
				SDKROOT = iphoneos;
				VALIDATE_PRODUCT = YES;
			};
			name = Release;
		};
/* End XCBuildConfiguration section */

/* Begin XCConfigurationList section */
		13B07F931A680F5B00A75B9A /* Build configuration list for PBXNativeTarget "VenusXVS" */ = {
			isa = XCConfigurationList;
			buildConfigurations = (
				13B07F941A680F5B00A75B9A /* Debug */,
				13B07F951A680F5B00A75B9A /* Release */,
			);
			defaultConfigurationIsVisible = 0;
			defaultConfigurationName = Release;
		};
		83CBB9FA1A601CBA00E9B192 /* Build configuration list for PBXProject "VenusXVS" */ = {
			isa = XCConfigurationList;
			buildConfigurations = (
				83CBBA201A601CBA00E9B192 /* Debug */,
				83CBBA211A601CBA00E9B192 /* Release */,
			);
			defaultConfigurationIsVisible = 0;
			defaultConfigurationName = Release;
		};
/* End XCConfigurationList section */
	};
	rootObject = 83CBB9F71A601CBA00E9B192 /* Project object */;
}
